
Microsoft Visual Studio Solution File, Format Version 12.00
# Visual Studio Version 16
VisualStudioVersion = 16.0.29001.49
MinimumVisualStudioVersion = 10.0.40219.1
Project("{FAE04EC0-301F-11D3-BF4B-00C04F79EFBC}") = "Jenkins_Test", "Jenkins_Test\Jenkins_Test.csproj", "{59776A62-3AC1-47E3-BFC1-A846FF01CE0E}"
EndProject
Project("{E53339B2-1760-4266-BCC7-CA923CBCF16C}") = "docker-compose", "docker-compose.dcproj", "{09451469-5816-49D8-BDD1-F6709197E5DC}"
EndProject
Global
	GlobalSection(SolutionConfigurationPlatforms) = preSolution
		Debug|Any CPU = Debug|Any CPU
		Release|Any CPU = Release|Any CPU
	EndGlobalSection
	GlobalSection(ProjectConfigurationPlatforms) = postSolution
		{59776A62-3AC1-47E3-BFC1-A846FF01CE0E}.Debug|Any CPU.ActiveCfg = Debug|Any CPU
		{59776A62-3AC1-47E3-BFC1-A846FF01CE0E}.Debug|Any CPU.Build.0 = Debug|Any CPU
		{59776A62-3AC1-47E3-BFC1-A846FF01CE0E}.Release|Any CPU.ActiveCfg = Release|Any CPU
		{59776A62-3AC1-47E3-BFC1-A846FF01CE0E}.Release|Any CPU.Build.0 = Release|Any CPU
		{09451469-5816-49D8-BDD1-F6709197E5DC}.Debug|Any CPU.ActiveCfg = Debug|Any CPU
		{09451469-5816-49D8-BDD1-F6709197E5DC}.Debug|Any CPU.Build.0 = Debug|Any CPU
		{09451469-5816-49D8-BDD1-F6709197E5DC}.Release|Any CPU.ActiveCfg = Release|Any CPU
		{09451469-5816-49D8-BDD1-F6709197E5DC}.Release|Any CPU.Build.0 = Release|Any CPU
	EndGlobalSection
	GlobalSection(SolutionProperties) = preSolution
		HideSolutionNode = FALSE
	EndGlobalSection
	GlobalSection(ExtensibilityGlobals) = postSolution
		SolutionGuid = {97973131-DA52-47AF-A915-90335EB88773}
	EndGlobalSection
EndGlobal
